// !$*UTF8*$!
{
	archiveVersion = 1;
	classes = {
	};
	objectVersion = 46;
	objects = {

/* Begin PBXBuildFile section */
		0902ABFA1AAF15BE00793D1A /* libc++.dylib in Frameworks */ = {isa = PBXBuildFile; fileRef = 0902ABF91AAF15BE00793D1A /* libc++.dylib */; };
		0902ABFC1AAF15C600793D1A /* SystemConfiguration.framework in Frameworks */ = {isa = PBXBuildFile; fileRef = 0902ABFB1AAF15C600793D1A /* SystemConfiguration.framework */; };
		0902ABFE1AAF15CC00793D1A /* CFNetwork.framework in Frameworks */ = {isa = PBXBuildFile; fileRef = 0902ABFD1AAF15CC00793D1A /* CFNetwork.framework */; };
		23AB3DE61CF6FC110048DCA7 /* EzioMobile.framework in Frameworks */ = {isa = PBXBuildFile; fileRef = 23AB3DE51CF6FC110048DCA7 /* EzioMobile.framework */; };
		281D52CF16A7FDE300D1DAE6 /* Security.framework in Frameworks */ = {isa = PBXBuildFile; fileRef = 281D52CE16A7FDE300D1DAE6 /* Security.framework */; };
		28A13D8E16A6EE76008D6A2A /* UIKit.framework in Frameworks */ = {isa = PBXBuildFile; fileRef = 28A13D8D16A6EE76008D6A2A /* UIKit.framework */; };
		28A13D9016A6EE76008D6A2A /* Foundation.framework in Frameworks */ = {isa = PBXBuildFile; fileRef = 28A13D8F16A6EE76008D6A2A /* Foundation.framework */; };
		28A13D9216A6EE76008D6A2A /* CoreGraphics.framework in Frameworks */ = {isa = PBXBuildFile; fileRef = 28A13D9116A6EE76008D6A2A /* CoreGraphics.framework */; };
		28B2508F16AD8BF500348B65 /* libsqlite3.0.dylib in Frameworks */ = {isa = PBXBuildFile; fileRef = 281D52D316A7FE2A00D1DAE6 /* libsqlite3.0.dylib */; };
		A9F24F411D753C05009A3EE0 /* AppDelegate.m in Sources */ = {isa = PBXBuildFile; fileRef = A9F24F2B1D753C05009A3EE0 /* AppDelegate.m */; };
		A9F24F421D753C05009A3EE0 /* Default-568h@2x.png in Resources */ = {isa = PBXBuildFile; fileRef = A9F24F2C1D753C05009A3EE0 /* Default-568h@2x.png */; };
		A9F24F431D753C05009A3EE0 /* Default.png in Resources */ = {isa = PBXBuildFile; fileRef = A9F24F2D1D753C05009A3EE0 /* Default.png */; };
		A9F24F441D753C05009A3EE0 /* Default@2x.png in Resources */ = {isa = PBXBuildFile; fileRef = A9F24F2E1D753C05009A3EE0 /* Default@2x.png */; };
		A9F24F451D753C05009A3EE0 /* InfoPlist.strings in Resources */ = {isa = PBXBuildFile; fileRef = A9F24F2F1D753C05009A3EE0 /* InfoPlist.strings */; };
		A9F24F461D753C05009A3EE0 /* MainStoryboard_iPhone.storyboard in Resources */ = {isa = PBXBuildFile; fileRef = A9F24F311D753C05009A3EE0 /* MainStoryboard_iPhone.storyboard */; };
		A9F24F471D753C05009A3EE0 /* Example.m in Sources */ = {isa = PBXBuildFile; fileRef = A9F24F341D753C05009A3EE0 /* Example.m */; };
		A9F24F481D753C05009A3EE0 /* EzioMobileSdkBioFpExample-Info.plist in Resources */ = {isa = PBXBuildFile; fileRef = A9F24F361D753C05009A3EE0 /* EzioMobileSdkBioFpExample-Info.plist */; };
		A9F24F491D753C05009A3EE0 /* FakeAppData.m in Sources */ = {isa = PBXBuildFile; fileRef = A9F24F391D753C05009A3EE0 /* FakeAppData.m */; };
		A9F24F4A1D753C05009A3EE0 /* FakeUI.m in Sources */ = {isa = PBXBuildFile; fileRef = A9F24F3B1D753C05009A3EE0 /* FakeUI.m */; };
		A9F24F4B1D753C05009A3EE0 /* first.png in Resources */ = {isa = PBXBuildFile; fileRef = A9F24F3C1D753C05009A3EE0 /* first.png */; };
		A9F24F4C1D753C05009A3EE0 /* first@2x.png in Resources */ = {isa = PBXBuildFile; fileRef = A9F24F3D1D753C05009A3EE0 /* first@2x.png */; };
		A9F24F4D1D753C05009A3EE0 /* FirstViewController.m in Sources */ = {isa = PBXBuildFile; fileRef = A9F24F3F1D753C05009A3EE0 /* FirstViewController.m */; };
		A9F24F4E1D753C05009A3EE0 /* main.m in Sources */ = {isa = PBXBuildFile; fileRef = A9F24F401D753C05009A3EE0 /* main.m */; };
		D1C1652119A3864100923E9D /* QuartzCore.framework in Frameworks */ = {isa = PBXBuildFile; fileRef = D1C1652019A3864100923E9D /* QuartzCore.framework */; };
/* End PBXBuildFile section */

/* Begin PBXFileReference section */
		0902ABF91AAF15BE00793D1A /* libc++.dylib */ = {isa = PBXFileReference; lastKnownFileType = "compiled.mach-o.dylib"; name = "libc++.dylib"; path = "usr/lib/libc++.dylib"; sourceTree = SDKROOT; };
		0902ABFB1AAF15C600793D1A /* SystemConfiguration.framework */ = {isa = PBXFileReference; lastKnownFileType = wrapper.framework; name = SystemConfiguration.framework; path = System/Library/Frameworks/SystemConfiguration.framework; sourceTree = SDKROOT; };
		0902ABFD1AAF15CC00793D1A /* CFNetwork.framework */ = {isa = PBXFileReference; lastKnownFileType = wrapper.framework; name = CFNetwork.framework; path = System/Library/Frameworks/CFNetwork.framework; sourceTree = SDKROOT; };
		23AB3DE51CF6FC110048DCA7 /* EzioMobile.framework */ = {isa = PBXFileReference; lastKnownFileType = wrapper.framework; name = EzioMobile.framework; path = ../../../../idp/dist/ios/external/debug/EzioMobile.framework; sourceTree = "<group>"; };
		281D52CE16A7FDE300D1DAE6 /* Security.framework */ = {isa = PBXFileReference; lastKnownFileType = wrapper.framework; name = Security.framework; path = System/Library/Frameworks/Security.framework; sourceTree = SDKROOT; };
		281D52D316A7FE2A00D1DAE6 /* libsqlite3.0.dylib */ = {isa = PBXFileReference; lastKnownFileType = "compiled.mach-o.dylib"; name = libsqlite3.0.dylib; path = usr/lib/libsqlite3.0.dylib; sourceTree = SDKROOT; };
		283A5FEE16AFF05600241D01 /* README.txt */ = {isa = PBXFileReference; fileEncoding = 4; lastKnownFileType = text; path = README.txt; sourceTree = "<group>"; };
		28A13D8916A6EE76008D6A2A /* EzioMobileSdkBioFpExample.app */ = {isa = PBXFileReference; explicitFileType = wrapper.application; includeInIndex = 0; path = EzioMobileSdkBioFpExample.app; sourceTree = BUILT_PRODUCTS_DIR; };
		28A13D8D16A6EE76008D6A2A /* UIKit.framework */ = {isa = PBXFileReference; lastKnownFileType = wrapper.framework; name = UIKit.framework; path = System/Library/Frameworks/UIKit.framework; sourceTree = SDKROOT; };
		28A13D8F16A6EE76008D6A2A /* Foundation.framework */ = {isa = PBXFileReference; lastKnownFileType = wrapper.framework; name = Foundation.framework; path = System/Library/Frameworks/Foundation.framework; sourceTree = SDKROOT; };
		28A13D9116A6EE76008D6A2A /* CoreGraphics.framework */ = {isa = PBXFileReference; lastKnownFileType = wrapper.framework; name = CoreGraphics.framework; path = System/Library/Frameworks/CoreGraphics.framework; sourceTree = SDKROOT; };
		A9F24F2A1D753C05009A3EE0 /* AppDelegate.h */ = {isa = PBXFileReference; fileEncoding = 4; lastKnownFileType = sourcecode.c.h; path = AppDelegate.h; sourceTree = "<group>"; };
		A9F24F2B1D753C05009A3EE0 /* AppDelegate.m */ = {isa = PBXFileReference; fileEncoding = 4; lastKnownFileType = sourcecode.c.objc; path = AppDelegate.m; sourceTree = "<group>"; };
		A9F24F2C1D753C05009A3EE0 /* Default-568h@2x.png */ = {isa = PBXFileReference; lastKnownFileType = image.png; path = "Default-568h@2x.png"; sourceTree = "<group>"; };
		A9F24F2D1D753C05009A3EE0 /* Default.png */ = {isa = PBXFileReference; lastKnownFileType = image.png; path = Default.png; sourceTree = "<group>"; };
		A9F24F2E1D753C05009A3EE0 /* Default@2x.png */ = {isa = PBXFileReference; lastKnownFileType = image.png; path = "Default@2x.png"; sourceTree = "<group>"; };
		A9F24F301D753C05009A3EE0 /* en */ = {isa = PBXFileReference; lastKnownFileType = text.plist.strings; name = en; path = en.lproj/InfoPlist.strings; sourceTree = "<group>"; };
		A9F24F321D753C05009A3EE0 /* en */ = {isa = PBXFileReference; lastKnownFileType = file.storyboard; name = en; path = en.lproj/MainStoryboard_iPhone.storyboard; sourceTree = "<group>"; };
		A9F24F331D753C05009A3EE0 /* Example.h */ = {isa = PBXFileReference; fileEncoding = 4; lastKnownFileType = sourcecode.c.h; path = Example.h; sourceTree = "<group>"; };
		A9F24F341D753C05009A3EE0 /* Example.m */ = {isa = PBXFileReference; fileEncoding = 4; lastKnownFileType = sourcecode.c.objc; path = Example.m; sourceTree = "<group>"; };
		A9F24F351D753C05009A3EE0 /* EzioMobileSdkBioFpExample-Prefix.pch */ = {isa = PBXFileReference; fileEncoding = 4; lastKnownFileType = sourcecode.c.h; path = "EzioMobileSdkBioFpExample-Prefix.pch"; sourceTree = "<group>"; };
		A9F24F361D753C05009A3EE0 /* EzioMobileSdkBioFpExample-Info.plist */ = {isa = PBXFileReference; fileEncoding = 4; lastKnownFileType = text.plist.xml; path = "EzioMobileSdkBioFpExample-Info.plist"; sourceTree = "<group>"; };
		A9F24F381D753C05009A3EE0 /* FakeAppData.h */ = {isa = PBXFileReference; fileEncoding = 4; lastKnownFileType = sourcecode.c.h; path = FakeAppData.h; sourceTree = "<group>"; };
		A9F24F391D753C05009A3EE0 /* FakeAppData.m */ = {isa = PBXFileReference; fileEncoding = 4; lastKnownFileType = sourcecode.c.objc; path = FakeAppData.m; sourceTree = "<group>"; };
		A9F24F3A1D753C05009A3EE0 /* FakeUI.h */ = {isa = PBXFileReference; fileEncoding = 4; lastKnownFileType = sourcecode.c.h; path = FakeUI.h; sourceTree = "<group>"; };
		A9F24F3B1D753C05009A3EE0 /* FakeUI.m */ = {isa = PBXFileReference; fileEncoding = 4; lastKnownFileType = sourcecode.c.objc; path = FakeUI.m; sourceTree = "<group>"; };
		A9F24F3C1D753C05009A3EE0 /* first.png */ = {isa = PBXFileReference; lastKnownFileType = image.png; path = first.png; sourceTree = "<group>"; };
		A9F24F3D1D753C05009A3EE0 /* first@2x.png */ = {isa = PBXFileReference; lastKnownFileType = image.png; path = "first@2x.png"; sourceTree = "<group>"; };
		A9F24F3E1D753C05009A3EE0 /* FirstViewController.h */ = {isa = PBXFileReference; fileEncoding = 4; lastKnownFileType = sourcecode.c.h; path = FirstViewController.h; sourceTree = "<group>"; };
		A9F24F3F1D753C05009A3EE0 /* FirstViewController.m */ = {isa = PBXFileReference; fileEncoding = 4; lastKnownFileType = sourcecode.c.objc; path = FirstViewController.m; sourceTree = "<group>"; };
		A9F24F401D753C05009A3EE0 /* main.m */ = {isa = PBXFileReference; fileEncoding = 4; lastKnownFileType = sourcecode.c.objc; path = main.m; sourceTree = "<group>"; };
		D1C1652019A3864100923E9D /* QuartzCore.framework */ = {isa = PBXFileReference; lastKnownFileType = wrapper.framework; name = QuartzCore.framework; path = System/Library/Frameworks/QuartzCore.framework; sourceTree = SDKROOT; };
/* End PBXFileReference section */

/* Begin PBXFrameworksBuildPhase section */
		28A13D8616A6EE76008D6A2A /* Frameworks */ = {
			isa = PBXFrameworksBuildPhase;
			buildActionMask = 2147483647;
			files = (
				0902ABFE1AAF15CC00793D1A /* CFNetwork.framework in Frameworks */,
				0902ABFC1AAF15C600793D1A /* SystemConfiguration.framework in Frameworks */,
				0902ABFA1AAF15BE00793D1A /* libc++.dylib in Frameworks */,
				D1C1652119A3864100923E9D /* QuartzCore.framework in Frameworks */,
				28B2508F16AD8BF500348B65 /* libsqlite3.0.dylib in Frameworks */,
				281D52CF16A7FDE300D1DAE6 /* Security.framework in Frameworks */,
				28A13D8E16A6EE76008D6A2A /* UIKit.framework in Frameworks */,
				28A13D9016A6EE76008D6A2A /* Foundation.framework in Frameworks */,
				28A13D9216A6EE76008D6A2A /* CoreGraphics.framework in Frameworks */,
				23AB3DE61CF6FC110048DCA7 /* EzioMobile.framework in Frameworks */,
			);
			runOnlyForDeploymentPostprocessing = 0;
		};
/* End PBXFrameworksBuildPhase section */

/* Begin PBXGroup section */
		28A13D7E16A6EE76008D6A2A = {
			isa = PBXGroup;
			children = (
				283A5FEE16AFF05600241D01 /* README.txt */,
				A9F24F291D753C05009A3EE0 /* EzioMobileSdkBioFpExample */,
				28A13D8C16A6EE76008D6A2A /* Frameworks */,
				28A13D8A16A6EE76008D6A2A /* Products */,
			);
			sourceTree = "<group>";
		};
		28A13D8A16A6EE76008D6A2A /* Products */ = {
			isa = PBXGroup;
			children = (
				28A13D8916A6EE76008D6A2A /* EzioMobileSdkBioFpExample.app */,
			);
			name = Products;
			sourceTree = "<group>";
		};
		28A13D8C16A6EE76008D6A2A /* Frameworks */ = {
			isa = PBXGroup;
			children = (
				23AB3DE51CF6FC110048DCA7 /* EzioMobile.framework */,
				0902ABFD1AAF15CC00793D1A /* CFNetwork.framework */,
				0902ABFB1AAF15C600793D1A /* SystemConfiguration.framework */,
				0902ABF91AAF15BE00793D1A /* libc++.dylib */,
				D1C1652019A3864100923E9D /* QuartzCore.framework */,
				281D52D316A7FE2A00D1DAE6 /* libsqlite3.0.dylib */,
				281D52CE16A7FDE300D1DAE6 /* Security.framework */,
				28A13D8D16A6EE76008D6A2A /* UIKit.framework */,
				28A13D8F16A6EE76008D6A2A /* Foundation.framework */,
				28A13D9116A6EE76008D6A2A /* CoreGraphics.framework */,
			);
			name = Frameworks;
			sourceTree = "<group>";
		};
		A9F24F291D753C05009A3EE0 /* EzioMobileSdkBioFpExample */ = {
			isa = PBXGroup;
			children = (
				A9F24F2A1D753C05009A3EE0 /* AppDelegate.h */,
				A9F24F2B1D753C05009A3EE0 /* AppDelegate.m */,
				A9F24F2C1D753C05009A3EE0 /* Default-568h@2x.png */,
				A9F24F2D1D753C05009A3EE0 /* Default.png */,
				A9F24F2E1D753C05009A3EE0 /* Default@2x.png */,
				A9F24F2F1D753C05009A3EE0 /* InfoPlist.strings */,
				A9F24F311D753C05009A3EE0 /* MainStoryboard_iPhone.storyboard */,
				A9F24F331D753C05009A3EE0 /* Example.h */,
				A9F24F341D753C05009A3EE0 /* Example.m */,
				A9F24F351D753C05009A3EE0 /* EzioMobileSdkBioFpExample-Prefix.pch */,
				A9F24F361D753C05009A3EE0 /* EzioMobileSdkBioFpExample-Info.plist */,
				A9F24F371D753C05009A3EE0 /* fake */,
				A9F24F3C1D753C05009A3EE0 /* first.png */,
				A9F24F3D1D753C05009A3EE0 /* first@2x.png */,
				A9F24F3E1D753C05009A3EE0 /* FirstViewController.h */,
				A9F24F3F1D753C05009A3EE0 /* FirstViewController.m */,
				A9F24F401D753C05009A3EE0 /* main.m */,
			);
			path = EzioMobileSdkBioFpExample;
			sourceTree = "<group>";
		};
		A9F24F371D753C05009A3EE0 /* fake */ = {
			isa = PBXGroup;
			children = (
				A9F24F381D753C05009A3EE0 /* FakeAppData.h */,
				A9F24F391D753C05009A3EE0 /* FakeAppData.m */,
				A9F24F3A1D753C05009A3EE0 /* FakeUI.h */,
				A9F24F3B1D753C05009A3EE0 /* FakeUI.m */,
			);
			path = fake;
			sourceTree = "<group>";
		};
/* End PBXGroup section */

/* Begin PBXNativeTarget section */
		28A13D8816A6EE76008D6A2A /* EzioMobileSdkBioFpExample */ = {
			isa = PBXNativeTarget;
			buildConfigurationList = 28A13DBB16A6EE77008D6A2A /* Build configuration list for PBXNativeTarget "EzioMobileSdkBioFpExample" */;
			buildPhases = (
				28A13D8516A6EE76008D6A2A /* Sources */,
				28A13D8616A6EE76008D6A2A /* Frameworks */,
				28A13D8716A6EE76008D6A2A /* Resources */,
			);
			buildRules = (
			);
			dependencies = (
			);
			name = EzioMobileSdkBioFpExample;
			productName = EzioMobileSdkOathTotpExample;
			productReference = 28A13D8916A6EE76008D6A2A /* EzioMobileSdkBioFpExample.app */;
			productType = "com.apple.product-type.application";
		};
/* End PBXNativeTarget section */

/* Begin PBXProject section */
		28A13D8016A6EE76008D6A2A /* Project object */ = {
			isa = PBXProject;
			attributes = {
				LastUpgradeCheck = 0730;
				ORGANIZATIONNAME = Gemalto;
			};
			buildConfigurationList = 28A13D8316A6EE76008D6A2A /* Build configuration list for PBXProject "EzioMobileSdkBioFpExample" */;
			compatibilityVersion = "Xcode 3.2";
			developmentRegion = English;
			hasScannedForEncodings = 0;
			knownRegions = (
				en,
			);
			mainGroup = 28A13D7E16A6EE76008D6A2A;
			productRefGroup = 28A13D8A16A6EE76008D6A2A /* Products */;
			projectDirPath = "";
			projectRoot = "";
			targets = (
				28A13D8816A6EE76008D6A2A /* EzioMobileSdkBioFpExample */,
			);
		};
/* End PBXProject section */

/* Begin PBXResourcesBuildPhase section */
		28A13D8716A6EE76008D6A2A /* Resources */ = {
			isa = PBXResourcesBuildPhase;
			buildActionMask = 2147483647;
			files = (
				A9F24F461D753C05009A3EE0 /* MainStoryboard_iPhone.storyboard in Resources */,
				A9F24F4C1D753C05009A3EE0 /* first@2x.png in Resources */,
				A9F24F441D753C05009A3EE0 /* Default@2x.png in Resources */,
				A9F24F4B1D753C05009A3EE0 /* first.png in Resources */,
				A9F24F451D753C05009A3EE0 /* InfoPlist.strings in Resources */,
				A9F24F421D753C05009A3EE0 /* Default-568h@2x.png in Resources */,
				A9F24F481D753C05009A3EE0 /* EzioMobileSdkBioFpExample-Info.plist in Resources */,
				A9F24F431D753C05009A3EE0 /* Default.png in Resources */,
			);
			runOnlyForDeploymentPostprocessing = 0;
		};
/* End PBXResourcesBuildPhase section */

/* Begin PBXSourcesBuildPhase section */
		28A13D8516A6EE76008D6A2A /* Sources */ = {
			isa = PBXSourcesBuildPhase;
			buildActionMask = 2147483647;
			files = (
				A9F24F4A1D753C05009A3EE0 /* FakeUI.m in Sources */,
				A9F24F471D753C05009A3EE0 /* Example.m in Sources */,
				A9F24F4D1D753C05009A3EE0 /* FirstViewController.m in Sources */,
				A9F24F491D753C05009A3EE0 /* FakeAppData.m in Sources */,
				A9F24F4E1D753C05009A3EE0 /* main.m in Sources */,
				A9F24F411D753C05009A3EE0 /* AppDelegate.m in Sources */,
			);
			runOnlyForDeploymentPostprocessing = 0;
		};
/* End PBXSourcesBuildPhase section */

/* Begin PBXVariantGroup section */
		A9F24F2F1D753C05009A3EE0 /* InfoPlist.strings */ = {
			isa = PBXVariantGroup;
			children = (
				A9F24F301D753C05009A3EE0 /* en */,
			);
			name = InfoPlist.strings;
			sourceTree = "<group>";
		};
		A9F24F311D753C05009A3EE0 /* MainStoryboard_iPhone.storyboard */ = {
			isa = PBXVariantGroup;
			children = (
				A9F24F321D753C05009A3EE0 /* en */,
			);
			name = MainStoryboard_iPhone.storyboard;
			sourceTree = "<group>";
		};
/* End PBXVariantGroup section */

/* Begin XCBuildConfiguration section */
		28A13DB916A6EE77008D6A2A /* Debug */ = {
			isa = XCBuildConfiguration;
			buildSettings = {
				ALWAYS_SEARCH_USER_PATHS = NO;
				CLANG_CXX_LANGUAGE_STANDARD = "gnu++0x";
				CLANG_CXX_LIBRARY = "libc++";
				CLANG_ENABLE_OBJC_ARC = YES;
				CLANG_WARN_EMPTY_BODY = YES;
				CLANG_WARN__DUPLICATE_METHOD_MATCH = YES;
				"CODE_SIGN_IDENTITY[sdk=iphoneos*]" = "iPhone Developer";
				COPY_PHASE_STRIP = NO;
				DEPLOYMENT_POSTPROCESSING = YES;
				ENABLE_BITCODE = NO;
				ENABLE_TESTABILITY = YES;
				GCC_C_LANGUAGE_STANDARD = gnu99;
				GCC_DYNAMIC_NO_PIC = NO;
				GCC_OPTIMIZATION_LEVEL = 0;
				GCC_PREPROCESSOR_DEFINITIONS = (
					"DEBUG=1",
					"$(inherited)",
				);
				GCC_SYMBOLS_PRIVATE_EXTERN = NO;
				GCC_UNROLL_LOOPS = YES;
				GCC_WARN_ABOUT_RETURN_TYPE = YES;
				GCC_WARN_UNINITIALIZED_AUTOS = YES;
				GCC_WARN_UNUSED_VARIABLE = YES;
				IPHONEOS_DEPLOYMENT_TARGET = 7.0;
				ONLY_ACTIVE_ARCH = YES;
				OTHER_LDFLAGS = "-ObjC";
				SDKROOT = iphoneos;
				TARGETED_DEVICE_FAMILY = "1,2";
				VALID_ARCHS = "armv7 armv7s";
			};
			name = Debug;
		};
		28A13DBA16A6EE77008D6A2A /* Release */ = {
			isa = XCBuildConfiguration;
			buildSettings = {
				ALWAYS_SEARCH_USER_PATHS = NO;
				CLANG_CXX_LANGUAGE_STANDARD = "gnu++0x";
				CLANG_CXX_LIBRARY = "libc++";
				CLANG_ENABLE_OBJC_ARC = YES;
				CLANG_WARN_EMPTY_BODY = YES;
				CLANG_WARN__DUPLICATE_METHOD_MATCH = YES;
				"CODE_SIGN_IDENTITY[sdk=iphoneos*]" = "iPhone Developer";
				COPY_PHASE_STRIP = YES;
				DEPLOYMENT_POSTPROCESSING = YES;
				ENABLE_BITCODE = NO;
				GCC_C_LANGUAGE_STANDARD = gnu99;
				GCC_GENERATE_DEBUGGING_SYMBOLS = NO;
				GCC_UNROLL_LOOPS = YES;
				GCC_WARN_ABOUT_RETURN_TYPE = YES;
				GCC_WARN_UNINITIALIZED_AUTOS = YES;
				GCC_WARN_UNUSED_VARIABLE = YES;
				IPHONEOS_DEPLOYMENT_TARGET = 7.0;
				ONLY_ACTIVE_ARCH = NO;
				OTHER_CFLAGS = (
					"-DNS_BLOCK_ASSERTIONS=1",
					"-finline-functions",
					"-fstack-protector-all",
				);
				OTHER_LDFLAGS = "-ObjC";
				SDKROOT = iphoneos;
				TARGETED_DEVICE_FAMILY = "1,2";
				VALIDATE_PRODUCT = YES;
				VALID_ARCHS = "armv7 armv7s";
			};
			name = Release;
		};
		28A13DBC16A6EE77008D6A2A /* Debug */ = {
			isa = XCBuildConfiguration;
			buildSettings = {
				CODE_SIGN_IDENTITY = "iPhone Developer";
				DEBUG_INFORMATION_FORMAT = dwarf;
				ENABLE_BITCODE = NO;
				FRAMEWORK_SEARCH_PATHS = (
					"$(inherited)",
					"\"$(SRCROOT)/../../$CONFIGURATION\"\"",
				);
				GCC_GENERATE_TEST_COVERAGE_FILES = YES;
				GCC_INSTRUMENT_PROGRAM_FLOW_ARCS = YES;
				GCC_PRECOMPILE_PREFIX_HEADER = YES;
				GCC_PREFIX_HEADER = "EzioMobileSdkBioFpExample/EzioMobileSdkBioFpExample-Prefix.pch";
				INFOPLIST_FILE = "EzioMobileSdkBioFpExample/EzioMobileSdkBioFpExample-Info.plist";
				IPHONEOS_DEPLOYMENT_TARGET = 7.0;
				LIBRARY_SEARCH_PATHS = "$(inherited)";
				PRODUCT_BUNDLE_IDENTIFIER = "com.gemalto.ezio.mobile.${PRODUCT_NAME:rfc1034identifier}";
				PRODUCT_NAME = EzioMobileSdkBioFpExample;
				STRIP_INSTALLED_PRODUCT = YES;
				TARGETED_DEVICE_FAMILY = 1;
				VALID_ARCHS = "armv7 armv7s arm64";
				WRAPPER_EXTENSION = app;
			};
			name = Debug;
		};
		28A13DBD16A6EE77008D6A2A /* Release */ = {
			isa = XCBuildConfiguration;
			buildSettings = {
				CODE_SIGN_IDENTITY = "iPhone Developer";
				DEBUG_INFORMATION_FORMAT = dwarf;
				ENABLE_BITCODE = NO;
				FRAMEWORK_SEARCH_PATHS = (
					"$(inherited)",
					"\"$(SRCROOT)/../../$CONFIGURATION\"\"",
				);
				GCC_GENERATE_TEST_COVERAGE_FILES = NO;
				GCC_INSTRUMENT_PROGRAM_FLOW_ARCS = NO;
				GCC_OPTIMIZATION_LEVEL = 3;
				GCC_PRECOMPILE_PREFIX_HEADER = YES;
				GCC_PREFIX_HEADER = "EzioMobileSdkBioFpExample/EzioMobileSdkBioFpExample-Prefix.pch";
				INFOPLIST_FILE = "EzioMobileSdkBioFpExample/EzioMobileSdkBioFpExample-Info.plist";
				IPHONEOS_DEPLOYMENT_TARGET = 7.0;
				LIBRARY_SEARCH_PATHS = "$(inherited)";
				OTHER_CFLAGS = (
					"-DNS_BLOCK_ASSERTIONS=1",
					"-fstack-protector-all",
				);
				PRODUCT_BUNDLE_IDENTIFIER = "com.gemalto.ezio.mobile.${PRODUCT_NAME:rfc1034identifier}";
				PRODUCT_NAME = EzioMobileSdkBioFpExample;
				STRIP_INSTALLED_PRODUCT = YES;
				TARGETED_DEVICE_FAMILY = 1;
				VALID_ARCHS = "armv7 armv7s arm64";
				WRAPPER_EXTENSION = app;
			};
			name = Release;
		};
/* End XCBuildConfiguration section */

/* Begin XCConfigurationList section */
		28A13D8316A6EE76008D6A2A /* Build configuration list for PBXProject "EzioMobileSdkBioFpExample" */ = {
			isa = XCConfigurationList;
			buildConfigurations = (
				28A13DB916A6EE77008D6A2A /* Debug */,
				28A13DBA16A6EE77008D6A2A /* Release */,
			);
			defaultConfigurationIsVisible = 0;
			defaultConfigurationName = Release;
		};
		28A13DBB16A6EE77008D6A2A /* Build configuration list for PBXNativeTarget "EzioMobileSdkBioFpExample" */ = {
			isa = XCConfigurationList;
			buildConfigurations = (
				28A13DBC16A6EE77008D6A2A /* Debug */,
				28A13DBD16A6EE77008D6A2A /* Release */,
			);
			defaultConfigurationIsVisible = 0;
			defaultConfigurationName = Release;
		};
/* End XCConfigurationList section */
	};
	rootObject = 28A13D8016A6EE76008D6A2A /* Project object */;
}
