// !$*UTF8*$!
{
	archiveVersion = 1;
	classes = {
	};
	objectVersion = 46;
	objects = {

/* Begin PBXBuildFile section */
		03232739198A3656007479A6 /* Foundation.framework in Frameworks */ = {isa = PBXBuildFile; fileRef = 03232738198A3656007479A6 /* Foundation.framework */; };
		0323273B198A3656007479A6 /* CoreGraphics.framework in Frameworks */ = {isa = PBXBuildFile; fileRef = 0323273A198A3656007479A6 /* CoreGraphics.framework */; };
		0323273D198A3656007479A6 /* UIKit.framework in Frameworks */ = {isa = PBXBuildFile; fileRef = 0323273C198A3656007479A6 /* UIKit.framework */; };
		03232743198A3656007479A6 /* InfoPlist.strings in Resources */ = {isa = PBXBuildFile; fileRef = 03232741198A3656007479A6 /* InfoPlist.strings */; };
		03232745198A3656007479A6 /* main.m in Sources */ = {isa = PBXBuildFile; fileRef = 03232744198A3656007479A6 /* main.m */; };
		03232749198A3656007479A6 /* EMAppDelegate.m in Sources */ = {isa = PBXBuildFile; fileRef = 03232748198A3656007479A6 /* EMAppDelegate.m */; };
		0323274C198A3656007479A6 /* Main_iPhone.storyboard in Resources */ = {isa = PBXBuildFile; fileRef = 0323274A198A3656007479A6 /* Main_iPhone.storyboard */; };
		03232752198A3656007479A6 /* EMViewController.m in Sources */ = {isa = PBXBuildFile; fileRef = 03232751198A3656007479A6 /* EMViewController.m */; };
		03232754198A3656007479A6 /* Images.xcassets in Resources */ = {isa = PBXBuildFile; fileRef = 03232753198A3656007479A6 /* Images.xcassets */; };
		032327E719906A0D007479A6 /* libsqlite3.dylib in Frameworks */ = {isa = PBXBuildFile; fileRef = 032327E619906A0D007479A6 /* libsqlite3.dylib */; };
		032327E919906A17007479A6 /* Security.framework in Frameworks */ = {isa = PBXBuildFile; fileRef = 032327E819906A17007479A6 /* Security.framework */; };
		032327EB19906A1F007479A6 /* QuartzCore.framework in Frameworks */ = {isa = PBXBuildFile; fileRef = 032327EA19906A1F007479A6 /* QuartzCore.framework */; };
		0902AC001AAF15DF00793D1A /* libc++.dylib in Frameworks */ = {isa = PBXBuildFile; fileRef = 0902ABFF1AAF15DF00793D1A /* libc++.dylib */; };
		0902AC021AAF15E500793D1A /* SystemConfiguration.framework in Frameworks */ = {isa = PBXBuildFile; fileRef = 0902AC011AAF15E500793D1A /* SystemConfiguration.framework */; };
		0902AC041AAF15EA00793D1A /* CFNetwork.framework in Frameworks */ = {isa = PBXBuildFile; fileRef = 0902AC031AAF15EA00793D1A /* CFNetwork.framework */; };
		23AB3DF51CF7E61B0048DCA7 /* EzioMobile.framework in Frameworks */ = {isa = PBXBuildFile; fileRef = 23AB3DF41CF7E61B0048DCA7 /* EzioMobile.framework */; };
/* End PBXBuildFile section */

/* Begin PBXFileReference section */
		03232735198A3656007479A6 /* EzioMobileSdkSecureKeypadExample.app */ = {isa = PBXFileReference; explicitFileType = wrapper.application; includeInIndex = 0; path = EzioMobileSdkSecureKeypadExample.app; sourceTree = BUILT_PRODUCTS_DIR; };
		03232738198A3656007479A6 /* Foundation.framework */ = {isa = PBXFileReference; lastKnownFileType = wrapper.framework; name = Foundation.framework; path = System/Library/Frameworks/Foundation.framework; sourceTree = SDKROOT; };
		0323273A198A3656007479A6 /* CoreGraphics.framework */ = {isa = PBXFileReference; lastKnownFileType = wrapper.framework; name = CoreGraphics.framework; path = System/Library/Frameworks/CoreGraphics.framework; sourceTree = SDKROOT; };
		0323273C198A3656007479A6 /* UIKit.framework */ = {isa = PBXFileReference; lastKnownFileType = wrapper.framework; name = UIKit.framework; path = System/Library/Frameworks/UIKit.framework; sourceTree = SDKROOT; };
		03232740198A3656007479A6 /* EzioMobileSdkSecureKeypadExample-Info.plist */ = {isa = PBXFileReference; lastKnownFileType = text.plist.xml; path = "EzioMobileSdkSecureKeypadExample-Info.plist"; sourceTree = "<group>"; };
		03232742198A3656007479A6 /* en */ = {isa = PBXFileReference; lastKnownFileType = text.plist.strings; name = en; path = en.lproj/InfoPlist.strings; sourceTree = "<group>"; };
		03232744198A3656007479A6 /* main.m */ = {isa = PBXFileReference; lastKnownFileType = sourcecode.c.objc; path = main.m; sourceTree = "<group>"; };
		03232746198A3656007479A6 /* EzioMobileSdkSecureKeypadExample-Prefix.pch */ = {isa = PBXFileReference; lastKnownFileType = sourcecode.c.h; path = "EzioMobileSdkSecureKeypadExample-Prefix.pch"; sourceTree = "<group>"; };
		03232747198A3656007479A6 /* EMAppDelegate.h */ = {isa = PBXFileReference; lastKnownFileType = sourcecode.c.h; path = EMAppDelegate.h; sourceTree = "<group>"; };
		03232748198A3656007479A6 /* EMAppDelegate.m */ = {isa = PBXFileReference; lastKnownFileType = sourcecode.c.objc; path = EMAppDelegate.m; sourceTree = "<group>"; };
		03232750198A3656007479A6 /* EMViewController.h */ = {isa = PBXFileReference; lastKnownFileType = sourcecode.c.h; path = EMViewController.h; sourceTree = "<group>"; };
		03232751198A3656007479A6 /* EMViewController.m */ = {isa = PBXFileReference; lastKnownFileType = sourcecode.c.objc; path = EMViewController.m; sourceTree = "<group>"; };
		03232753198A3656007479A6 /* Images.xcassets */ = {isa = PBXFileReference; lastKnownFileType = folder.assetcatalog; path = Images.xcassets; sourceTree = "<group>"; };
		0323275A198A3656007479A6 /* XCTest.framework */ = {isa = PBXFileReference; lastKnownFileType = wrapper.framework; name = XCTest.framework; path = Library/Frameworks/XCTest.framework; sourceTree = DEVELOPER_DIR; };
		03232762198A3656007479A6 /* EzioManualTests-Info.plist */ = {isa = PBXFileReference; lastKnownFileType = text.plist.xml; path = "EzioManualTests-Info.plist"; sourceTree = "<group>"; };
		03232764198A3656007479A6 /* en */ = {isa = PBXFileReference; lastKnownFileType = text.plist.strings; name = en; path = en.lproj/InfoPlist.strings; sourceTree = "<group>"; };
		03232766198A3656007479A6 /* EzioManualTests.m */ = {isa = PBXFileReference; lastKnownFileType = sourcecode.c.objc; path = EzioManualTests.m; sourceTree = "<group>"; };
		032327E619906A0D007479A6 /* libsqlite3.dylib */ = {isa = PBXFileReference; lastKnownFileType = "compiled.mach-o.dylib"; name = libsqlite3.dylib; path = usr/lib/libsqlite3.dylib; sourceTree = SDKROOT; };
		032327E819906A17007479A6 /* Security.framework */ = {isa = PBXFileReference; lastKnownFileType = wrapper.framework; name = Security.framework; path = System/Library/Frameworks/Security.framework; sourceTree = SDKROOT; };
		032327EA19906A1F007479A6 /* QuartzCore.framework */ = {isa = PBXFileReference; lastKnownFileType = wrapper.framework; name = QuartzCore.framework; path = System/Library/Frameworks/QuartzCore.framework; sourceTree = SDKROOT; };
		032328181990DD87007479A6 /* en */ = {isa = PBXFileReference; lastKnownFileType = file.storyboard; name = en; path = en.lproj/Main_iPhone.storyboard; sourceTree = "<group>"; };
		0902ABFF1AAF15DF00793D1A /* libc++.dylib */ = {isa = PBXFileReference; lastKnownFileType = "compiled.mach-o.dylib"; name = "libc++.dylib"; path = "usr/lib/libc++.dylib"; sourceTree = SDKROOT; };
		0902AC011AAF15E500793D1A /* SystemConfiguration.framework */ = {isa = PBXFileReference; lastKnownFileType = wrapper.framework; name = SystemConfiguration.framework; path = System/Library/Frameworks/SystemConfiguration.framework; sourceTree = SDKROOT; };
		0902AC031AAF15EA00793D1A /* CFNetwork.framework */ = {isa = PBXFileReference; lastKnownFileType = wrapper.framework; name = CFNetwork.framework; path = System/Library/Frameworks/CFNetwork.framework; sourceTree = SDKROOT; };
		23AB3DF41CF7E61B0048DCA7 /* EzioMobile.framework */ = {isa = PBXFileReference; lastKnownFileType = wrapper.framework; name = EzioMobile.framework; path = ../../../../dist/ios/external/debug/EzioMobile.framework; sourceTree = "<group>"; };
/* End PBXFileReference section */

/* Begin PBXFrameworksBuildPhase section */
		03232732198A3656007479A6 /* Frameworks */ = {
			isa = PBXFrameworksBuildPhase;
			buildActionMask = 2147483647;
			files = (
				0902AC041AAF15EA00793D1A /* CFNetwork.framework in Frameworks */,
				0902AC021AAF15E500793D1A /* SystemConfiguration.framework in Frameworks */,
				0902AC001AAF15DF00793D1A /* libc++.dylib in Frameworks */,
				032327EB19906A1F007479A6 /* QuartzCore.framework in Frameworks */,
				032327E919906A17007479A6 /* Security.framework in Frameworks */,
				032327E719906A0D007479A6 /* libsqlite3.dylib in Frameworks */,
				0323273B198A3656007479A6 /* CoreGraphics.framework in Frameworks */,
				0323273D198A3656007479A6 /* UIKit.framework in Frameworks */,
				03232739198A3656007479A6 /* Foundation.framework in Frameworks */,
				23AB3DF51CF7E61B0048DCA7 /* EzioMobile.framework in Frameworks */,
			);
			runOnlyForDeploymentPostprocessing = 0;
		};
/* End PBXFrameworksBuildPhase section */

/* Begin PBXGroup section */
		0323272C198A3656007479A6 = {
			isa = PBXGroup;
			children = (
				0323273E198A3656007479A6 /* EzioMobileSdkSecureKeypadExample */,
				03232760198A3656007479A6 /* EzioMobileSdkSecureKeypadExampleTests */,
				03232737198A3656007479A6 /* Frameworks */,
				03232736198A3656007479A6 /* Products */,
			);
			sourceTree = "<group>";
		};
		03232736198A3656007479A6 /* Products */ = {
			isa = PBXGroup;
			children = (
				03232735198A3656007479A6 /* EzioMobileSdkSecureKeypadExample.app */,
			);
			name = Products;
			sourceTree = "<group>";
		};
		03232737198A3656007479A6 /* Frameworks */ = {
			isa = PBXGroup;
			children = (
				23AB3DF41CF7E61B0048DCA7 /* EzioMobile.framework */,
				0902AC031AAF15EA00793D1A /* CFNetwork.framework */,
				0902AC011AAF15E500793D1A /* SystemConfiguration.framework */,
				0902ABFF1AAF15DF00793D1A /* libc++.dylib */,
				032327EA19906A1F007479A6 /* QuartzCore.framework */,
				032327E819906A17007479A6 /* Security.framework */,
				032327E619906A0D007479A6 /* libsqlite3.dylib */,
				03232738198A3656007479A6 /* Foundation.framework */,
				0323273A198A3656007479A6 /* CoreGraphics.framework */,
				0323273C198A3656007479A6 /* UIKit.framework */,
				0323275A198A3656007479A6 /* XCTest.framework */,
			);
			name = Frameworks;
			sourceTree = "<group>";
		};
		0323273E198A3656007479A6 /* EzioMobileSdkSecureKeypadExample */ = {
			isa = PBXGroup;
			children = (
				03232747198A3656007479A6 /* EMAppDelegate.h */,
				03232748198A3656007479A6 /* EMAppDelegate.m */,
				0323274A198A3656007479A6 /* Main_iPhone.storyboard */,
				03232750198A3656007479A6 /* EMViewController.h */,
				03232751198A3656007479A6 /* EMViewController.m */,
				03232753198A3656007479A6 /* Images.xcassets */,
				0323273F198A3656007479A6 /* Supporting Files */,
			);
			path = EzioMobileSdkSecureKeypadExample;
			sourceTree = "<group>";
		};
		0323273F198A3656007479A6 /* Supporting Files */ = {
			isa = PBXGroup;
			children = (
				03232740198A3656007479A6 /* EzioMobileSdkSecureKeypadExample-Info.plist */,
				03232741198A3656007479A6 /* InfoPlist.strings */,
				03232744198A3656007479A6 /* main.m */,
				03232746198A3656007479A6 /* EzioMobileSdkSecureKeypadExample-Prefix.pch */,
			);
			name = "Supporting Files";
			sourceTree = "<group>";
		};
		03232760198A3656007479A6 /* EzioMobileSdkSecureKeypadExampleTests */ = {
			isa = PBXGroup;
			children = (
				03232766198A3656007479A6 /* EzioManualTests.m */,
				03232761198A3656007479A6 /* Supporting Files */,
			);
			path = EzioMobileSdkSecureKeypadExampleTests;
			sourceTree = "<group>";
		};
		03232761198A3656007479A6 /* Supporting Files */ = {
			isa = PBXGroup;
			children = (
				03232762198A3656007479A6 /* EzioManualTests-Info.plist */,
				03232763198A3656007479A6 /* InfoPlist.strings */,
			);
			name = "Supporting Files";
			sourceTree = "<group>";
		};
/* End PBXGroup section */

/* Begin PBXNativeTarget section */
		03232734198A3656007479A6 /* EzioMobileSdkSecureKeypadExample */ = {
			isa = PBXNativeTarget;
			buildConfigurationList = 0323276A198A3656007479A6 /* Build configuration list for PBXNativeTarget "EzioMobileSdkSecureKeypadExample" */;
			buildPhases = (
				03232731198A3656007479A6 /* Sources */,
				03232732198A3656007479A6 /* Frameworks */,
				03232733198A3656007479A6 /* Resources */,
			);
			buildRules = (
			);
			dependencies = (
			);
			name = EzioMobileSdkSecureKeypadExample;
			productName = EzioManual;
			productReference = 03232735198A3656007479A6 /* EzioMobileSdkSecureKeypadExample.app */;
			productType = "com.apple.product-type.application";
		};
/* End PBXNativeTarget section */

/* Begin PBXProject section */
		0323272D198A3656007479A6 /* Project object */ = {
			isa = PBXProject;
			attributes = {
				CLASSPREFIX = EM;
				LastUpgradeCheck = 0730;
				ORGANIZATIONNAME = Gemalto;
				TargetAttributes = {
					03232734198A3656007479A6 = {
						DevelopmentTeam = LMY4YJ949Q;
					};
				};
			};
			buildConfigurationList = 03232730198A3656007479A6 /* Build configuration list for PBXProject "EzioMobileSdkSecureKeypadExample" */;
			compatibilityVersion = "Xcode 3.2";
			developmentRegion = English;
			hasScannedForEncodings = 0;
			knownRegions = (
				en,
				Base,
			);
			mainGroup = 0323272C198A3656007479A6;
			productRefGroup = 03232736198A3656007479A6 /* Products */;
			projectDirPath = "";
			projectRoot = "";
			targets = (
				03232734198A3656007479A6 /* EzioMobileSdkSecureKeypadExample */,
			);
		};
/* End PBXProject section */

/* Begin PBXResourcesBuildPhase section */
		03232733198A3656007479A6 /* Resources */ = {
			isa = PBXResourcesBuildPhase;
			buildActionMask = 2147483647;
			files = (
				03232754198A3656007479A6 /* Images.xcassets in Resources */,
				0323274C198A3656007479A6 /* Main_iPhone.storyboard in Resources */,
				03232743198A3656007479A6 /* InfoPlist.strings in Resources */,
			);
			runOnlyForDeploymentPostprocessing = 0;
		};
/* End PBXResourcesBuildPhase section */

/* Begin PBXSourcesBuildPhase section */
		03232731198A3656007479A6 /* Sources */ = {
			isa = PBXSourcesBuildPhase;
			buildActionMask = 2147483647;
			files = (
				03232752198A3656007479A6 /* EMViewController.m in Sources */,
				03232749198A3656007479A6 /* EMAppDelegate.m in Sources */,
				03232745198A3656007479A6 /* main.m in Sources */,
			);
			runOnlyForDeploymentPostprocessing = 0;
		};
/* End PBXSourcesBuildPhase section */

/* Begin PBXVariantGroup section */
		03232741198A3656007479A6 /* InfoPlist.strings */ = {
			isa = PBXVariantGroup;
			children = (
				03232742198A3656007479A6 /* en */,
			);
			name = InfoPlist.strings;
			sourceTree = "<group>";
		};
		0323274A198A3656007479A6 /* Main_iPhone.storyboard */ = {
			isa = PBXVariantGroup;
			children = (
				032328181990DD87007479A6 /* en */,
			);
			name = Main_iPhone.storyboard;
			sourceTree = "<group>";
		};
		03232763198A3656007479A6 /* InfoPlist.strings */ = {
			isa = PBXVariantGroup;
			children = (
				03232764198A3656007479A6 /* en */,
			);
			name = InfoPlist.strings;
			sourceTree = "<group>";
		};
/* End PBXVariantGroup section */

/* Begin XCBuildConfiguration section */
		03232768198A3656007479A6 /* Debug */ = {
			isa = XCBuildConfiguration;
			buildSettings = {
				ALWAYS_SEARCH_USER_PATHS = NO;
				CLANG_CXX_LANGUAGE_STANDARD = "gnu++0x";
				CLANG_CXX_LIBRARY = "libc++";
				CLANG_ENABLE_MODULES = YES;
				CLANG_ENABLE_OBJC_ARC = YES;
				CLANG_WARN_BOOL_CONVERSION = YES;
				CLANG_WARN_CONSTANT_CONVERSION = YES;
				CLANG_WARN_DIRECT_OBJC_ISA_USAGE = YES_ERROR;
				CLANG_WARN_EMPTY_BODY = YES;
				CLANG_WARN_ENUM_CONVERSION = YES;
				CLANG_WARN_INT_CONVERSION = YES;
				CLANG_WARN_OBJC_ROOT_CLASS = YES_ERROR;
				CLANG_WARN__DUPLICATE_METHOD_MATCH = YES;
				"CODE_SIGN_IDENTITY[sdk=iphoneos*]" = "iPhone Developer";
				COPY_PHASE_STRIP = NO;
				ENABLE_BITCODE = NO;
				ENABLE_TESTABILITY = YES;
				FRAMEWORK_SEARCH_PATHS = "";
				GCC_C_LANGUAGE_STANDARD = gnu99;
				GCC_DYNAMIC_NO_PIC = NO;
				GCC_OPTIMIZATION_LEVEL = 0;
				GCC_PREPROCESSOR_DEFINITIONS = (
					"DEBUG=1",
					"$(inherited)",
				);
				GCC_SYMBOLS_PRIVATE_EXTERN = NO;
				GCC_WARN_64_TO_32_BIT_CONVERSION = YES;
				GCC_WARN_ABOUT_RETURN_TYPE = YES_ERROR;
				GCC_WARN_UNDECLARED_SELECTOR = YES;
				GCC_WARN_UNINITIALIZED_AUTOS = YES_AGGRESSIVE;
				GCC_WARN_UNUSED_FUNCTION = YES;
				GCC_WARN_UNUSED_VARIABLE = YES;
				HEADER_SEARCH_PATHS = "$(inherited)";
				IPHONEOS_DEPLOYMENT_TARGET = 7.0;
				LIBRARY_SEARCH_PATHS = "";
				ONLY_ACTIVE_ARCH = YES;
				OTHER_LDFLAGS = (
					"-ObjC",
					"-lmobilesdk",
				);
				SDKROOT = iphoneos;
				TARGETED_DEVICE_FAMILY = "1,2";
			};
			name = Debug;
		};
		03232769198A3656007479A6 /* Release */ = {
			isa = XCBuildConfiguration;
			buildSettings = {
				ALWAYS_SEARCH_USER_PATHS = NO;
				CLANG_CXX_LANGUAGE_STANDARD = "gnu++0x";
				CLANG_CXX_LIBRARY = "libc++";
				CLANG_ENABLE_MODULES = YES;
				CLANG_ENABLE_OBJC_ARC = YES;
				CLANG_WARN_BOOL_CONVERSION = YES;
				CLANG_WARN_CONSTANT_CONVERSION = YES;
				CLANG_WARN_DIRECT_OBJC_ISA_USAGE = YES_ERROR;
				CLANG_WARN_EMPTY_BODY = YES;
				CLANG_WARN_ENUM_CONVERSION = YES;
				CLANG_WARN_INT_CONVERSION = YES;
				CLANG_WARN_OBJC_ROOT_CLASS = YES_ERROR;
				CLANG_WARN__DUPLICATE_METHOD_MATCH = YES;
				"CODE_SIGN_IDENTITY[sdk=iphoneos*]" = "iPhone Developer";
				COPY_PHASE_STRIP = YES;
				ENABLE_BITCODE = NO;
				ENABLE_NS_ASSERTIONS = NO;
				FRAMEWORK_SEARCH_PATHS = "";
				GCC_C_LANGUAGE_STANDARD = gnu99;
				GCC_WARN_64_TO_32_BIT_CONVERSION = YES;
				GCC_WARN_ABOUT_RETURN_TYPE = YES_ERROR;
				GCC_WARN_UNDECLARED_SELECTOR = YES;
				GCC_WARN_UNINITIALIZED_AUTOS = YES_AGGRESSIVE;
				GCC_WARN_UNUSED_FUNCTION = YES;
				GCC_WARN_UNUSED_VARIABLE = YES;
				HEADER_SEARCH_PATHS = "$(inherited)";
				IPHONEOS_DEPLOYMENT_TARGET = 7.0;
				LIBRARY_SEARCH_PATHS = "";
				OTHER_LDFLAGS = (
					"-ObjC",
					"-lmobilesdk",
				);
				SDKROOT = iphoneos;
				TARGETED_DEVICE_FAMILY = "1,2";
				VALIDATE_PRODUCT = YES;
			};
			name = Release;
		};
		0323276B198A3656007479A6 /* Debug */ = {
			isa = XCBuildConfiguration;
			buildSettings = {
				ASSETCATALOG_COMPILER_APPICON_NAME = AppIcon;
				ASSETCATALOG_COMPILER_LAUNCHIMAGE_NAME = LaunchImage;
				CLANG_ENABLE_MODULES = NO;
				CODE_SIGN_IDENTITY = "iPhone Developer";
				"CODE_SIGN_IDENTITY[sdk=iphoneos*]" = "iPhone Developer";
				ENABLE_BITCODE = NO;
				FRAMEWORK_SEARCH_PATHS = (
					"$(inherited)",
					"\"$(SRCROOT)/../../$CONFIGURATION\"",
				);
				GCC_GENERATE_TEST_COVERAGE_FILES = YES;
				GCC_INSTRUMENT_PROGRAM_FLOW_ARCS = YES;
				GCC_PRECOMPILE_PREFIX_HEADER = YES;
				GCC_PREFIX_HEADER = "EzioMobileSdkSecureKeypadExample/EzioMobileSdkSecureKeypadExample-Prefix.pch";
				HEADER_SEARCH_PATHS = "$(inherited)";
				INFOPLIST_FILE = "EzioMobileSdkSecureKeypadExample/EzioMobileSdkSecureKeypadExample-Info.plist";
				IPHONEOS_DEPLOYMENT_TARGET = 7.0;
				LIBRARY_SEARCH_PATHS = "";
				ONLY_ACTIVE_ARCH = NO;
				OTHER_LDFLAGS = (
					"-ObjC",
					"-all_load",
				);
				PRODUCT_BUNDLE_IDENTIFIER = "com.gemalto.${PRODUCT_NAME:rfc1034identifier}";
				PRODUCT_NAME = EzioMobileSdkSecureKeypadExample;
				PROVISIONING_PROFILE = "";
				VALID_ARCHS = "armv7 armv7s arm64";
				WRAPPER_EXTENSION = app;
			};
			name = Debug;
		};
		0323276C198A3656007479A6 /* Release */ = {
			isa = XCBuildConfiguration;
			buildSettings = {
				ASSETCATALOG_COMPILER_APPICON_NAME = AppIcon;
				ASSETCATALOG_COMPILER_LAUNCHIMAGE_NAME = LaunchImage;
				CLANG_ENABLE_MODULES = NO;
				CODE_SIGN_IDENTITY = "iPhone Developer";
				"CODE_SIGN_IDENTITY[sdk=iphoneos*]" = "iPhone Developer";
				ENABLE_BITCODE = NO;
				FRAMEWORK_SEARCH_PATHS = (
					"$(inherited)",
					"\"$(SRCROOT)/../../$CONFIGURATION\"",
				);
				GCC_GENERATE_TEST_COVERAGE_FILES = NO;
				GCC_INSTRUMENT_PROGRAM_FLOW_ARCS = NO;
				GCC_PRECOMPILE_PREFIX_HEADER = YES;
				GCC_PREFIX_HEADER = "EzioMobileSdkSecureKeypadExample/EzioMobileSdkSecureKeypadExample-Prefix.pch";
				HEADER_SEARCH_PATHS = "$(inherited)";
				INFOPLIST_FILE = "EzioMobileSdkSecureKeypadExample/EzioMobileSdkSecureKeypadExample-Info.plist";
				IPHONEOS_DEPLOYMENT_TARGET = 7.0;
				LIBRARY_SEARCH_PATHS = "";
				OTHER_LDFLAGS = (
					"-ObjC",
					"-all_load",
				);
				PRODUCT_BUNDLE_IDENTIFIER = "com.gemalto.${PRODUCT_NAME:rfc1034identifier}";
				PRODUCT_NAME = EzioMobileSdkSecureKeypadExample;
				PROVISIONING_PROFILE = "";
				VALID_ARCHS = "armv7 armv7s arm64";
				WRAPPER_EXTENSION = app;
			};
			name = Release;
		};
/* End XCBuildConfiguration section */

/* Begin XCConfigurationList section */
		03232730198A3656007479A6 /* Build configuration list for PBXProject "EzioMobileSdkSecureKeypadExample" */ = {
			isa = XCConfigurationList;
			buildConfigurations = (
				03232768198A3656007479A6 /* Debug */,
				03232769198A3656007479A6 /* Release */,
			);
			defaultConfigurationIsVisible = 0;
			defaultConfigurationName = Release;
		};
		0323276A198A3656007479A6 /* Build configuration list for PBXNativeTarget "EzioMobileSdkSecureKeypadExample" */ = {
			isa = XCConfigurationList;
			buildConfigurations = (
				0323276B198A3656007479A6 /* Debug */,
				0323276C198A3656007479A6 /* Release */,
			);
			defaultConfigurationIsVisible = 0;
			defaultConfigurationName = Release;
		};
/* End XCConfigurationList section */
	};
	rootObject = 0323272D198A3656007479A6 /* Project object */;
}
